{
  "nodes": {
    "nixpkgs": {
      "locked": {
        "lastModified": 1758791193,
        "narHash": "sha256-F8WmEwFoHsnix7rt290R0rFXNJiMbClMZyIC/e+HYf0=",
        "owner": "nixos",
        "repo": "nixpkgs",
        "rev": "25e53aa156d47bad5082ff7618f5feb1f5e02d01",
        "type": "github"
      },
      "original": {
        "owner": "nixos",
        "ref": "nixos-25.05",
        "repo": "nixpkgs",
        "type": "github"
      }
    },
    "root": {
      "inputs": {
        "nixpkgs": "nixpkgs",
        "steam-fetcher": "steam-fetcher"
      }
    },
    "steam-fetcher": {
      "inputs": {
        "nixpkgs": [
          "nixpkgs"
        ]
      },
      "locked": {
        "lastModified": 1758989073,
        "narHash": "sha256-vnv5FUtbFIjef0l/akDrA74h/VOLIc8wPAYSt4aKETQ=",
        "owner": "kmjayadeep",
        "repo": "steam-fetcher",
        "rev": "6d89db02176b1c06d97658bb57f4872339a4489e",
        "type": "github"
      },
      "original": {
        "owner": "kmjayadeep",
        "repo": "steam-fetcher",
        "rev": "6d89db02176b1c06d97658bb57f4872339a4489e",
        "type": "github"
      }
    }
  },
  "root": "root",
  "version": 7
}
